# This is a Gradle generated file for dependency locking.
# Manual edits can break the build and are not advised.
# This file is expected to be part of source control.
com.fasterxml:classmate:1.3.4=compileClasspath,runtimeClasspath,testCompileClasspath,testRuntimeClasspath
com.google.code.gson:gson:2.10=compileClasspath,runtimeClasspath,testCompileClasspath,testRuntimeClasspath
com.sun.mail:javax.mail:1.5.6=compileClasspath,runtimeClasspath,testCompileClasspath,testRuntimeClasspath
commons-cli:commons-cli:1.4=compileClasspath,runtimeClasspath,testCompileClasspath,testRuntimeClasspath
commons-codec:commons-codec:1.14=compileClasspath,runtimeClasspath,testCompileClasspath,testRuntimeClasspath
commons-collections:commons-collections:3.2.2=compileClasspath,runtimeClasspath,testCompileClasspath,testRuntimeClasspath
commons-lang:commons-lang:2.4=compileClasspath,runtimeClasspath,testCompileClasspath,testRuntimeClasspath
it.sauronsoftware.cron4j:cron4j:2.2.5=compileClasspath,runtimeClasspath,testCompileClasspath,testRuntimeClasspath
javax.activation:activation:1.1=compileClasspath,runtimeClasspath,testCompileClasspath,testRuntimeClasspath
javax.mail:javax.mail-api:1.6.2=compileClasspath,runtimeClasspath,testCompileClasspath,testRuntimeClasspath
javax.servlet:javax.servlet-api:3.1.0=compileClasspath,testCompileClasspath,testRuntimeClasspath
javax.validation:validation-api:2.0.1.Final=compileClasspath,runtimeClasspath,testCompileClasspath,testRuntimeClasspath
junit:junit:4.13=testCompileClasspath,testRuntimeClasspath
net.bytebuddy:byte-buddy-agent:1.14.8=testCompileClasspath,testRuntimeClasspath
net.bytebuddy:byte-buddy:1.14.8=testCompileClasspath,testRuntimeClasspath
org.apache.commons:commons-email:1.5=compileClasspath,runtimeClasspath,testCompileClasspath,testRuntimeClasspath
org.apache.velocity:velocity:1.7=compileClasspath,runtimeClasspath,testCompileClasspath,testRuntimeClasspath
org.glassfish:javax.el:3.0.1-b11=compileClasspath,runtimeClasspath,testCompileClasspath,testRuntimeClasspath
org.hamcrest:hamcrest-core:1.3=testCompileClasspath,testRuntimeClasspath
org.hibernate.validator:hibernate-validator:6.0.20.Final=compileClasspath,runtimeClasspath,testCompileClasspath,testRuntimeClasspath
org.jboss.logging:jboss-logging:3.3.2.Final=compileClasspath,runtimeClasspath,testCompileClasspath,testRuntimeClasspath
org.mockito:mockito-core:5.6.0=testCompileClasspath,testRuntimeClasspath
org.objenesis:objenesis:3.3=testRuntimeClasspath
org.slf4j:slf4j-api:1.7.30=compileClasspath,runtimeClasspath,testCompileClasspath,testRuntimeClasspath
org.slf4j:slf4j-simple:1.7.30=testCompileClasspath,testRuntimeClasspath
empty=annotationProcessor,testAnnotationProcessor
